// !$*UTF8*$!
{
	archiveVersion = 1;
	classes = {
	};
	objectVersion = 48;
	objects = {

/* Begin PBXBuildFile section */
		BF5C97071F90031400F83B26 /* AppDelegate.swift in Sources */ = {isa = PBXBuildFile; fileRef = BF5C97061F90031400F83B26 /* AppDelegate.swift */; };
		BF5C97091F90031400F83B26 /* ViewController.swift in Sources */ = {isa = PBXBuildFile; fileRef = BF5C97081F90031400F83B26 /* ViewController.swift */; };
		BF5C970C1F90031400F83B26 /* Main.storyboard in Resources */ = {isa = PBXBuildFile; fileRef = BF5C970A1F90031400F83B26 /* Main.storyboard */; };
		BF5C970E1F90031400F83B26 /* Assets.xcassets in Resources */ = {isa = PBXBuildFile; fileRef = BF5C970D1F90031400F83B26 /* Assets.xcassets */; };
		BF5C97111F90031400F83B26 /* LaunchScreen.storyboard in Resources */ = {isa = PBXBuildFile; fileRef = BF5C970F1F90031400F83B26 /* LaunchScreen.storyboard */; };
		BF5C971C1F90031500F83B26 /* Fasting_ClockTests.swift in Sources */ = {isa = PBXBuildFile; fileRef = BF5C971B1F90031500F83B26 /* Fasting_ClockTests.swift */; };
		BF5C97271F90031500F83B26 /* Fasting_ClockUITests.swift in Sources */ = {isa = PBXBuildFile; fileRef = BF5C97261F90031500F83B26 /* Fasting_ClockUITests.swift */; };
/* End PBXBuildFile section */

/* Begin PBXContainerItemProxy section */
		BF5C97181F90031500F83B26 /* PBXContainerItemProxy */ = {
			isa = PBXContainerItemProxy;
			containerPortal = BF5C96FB1F90031400F83B26 /* Project object */;
			proxyType = 1;
			remoteGlobalIDString = BF5C97021F90031400F83B26;
			remoteInfo = "Fasting Clock";
		};
		BF5C97231F90031500F83B26 /* PBXContainerItemProxy */ = {
			isa = PBXContainerItemProxy;
			containerPortal = BF5C96FB1F90031400F83B26 /* Project object */;
			proxyType = 1;
			remoteGlobalIDString = BF5C97021F90031400F83B26;
			remoteInfo = "Fasting Clock";
		};
/* End PBXContainerItemProxy section */

/* Begin PBXFileReference section */
		BF5C97031F90031400F83B26 /* Fasting Clock.app */ = {isa = PBXFileReference; explicitFileType = wrapper.application; includeInIndex = 0; path = "Fasting Clock.app"; sourceTree = BUILT_PRODUCTS_DIR; };
		BF5C97061F90031400F83B26 /* AppDelegate.swift */ = {isa = PBXFileReference; lastKnownFileType = sourcecode.swift; path = AppDelegate.swift; sourceTree = "<group>"; };
		BF5C97081F90031400F83B26 /* ViewController.swift */ = {isa = PBXFileReference; lastKnownFileType = sourcecode.swift; path = ViewController.swift; sourceTree = "<group>"; };
		BF5C970B1F90031400F83B26 /* Base */ = {isa = PBXFileReference; lastKnownFileType = file.storyboard; name = Base; path = Base.lproj/Main.storyboard; sourceTree = "<group>"; };
		BF5C970D1F90031400F83B26 /* Assets.xcassets */ = {isa = PBXFileReference; lastKnownFileType = folder.assetcatalog; path = Assets.xcassets; sourceTree = "<group>"; };
		BF5C97101F90031400F83B26 /* Base */ = {isa = PBXFileReference; lastKnownFileType = file.storyboard; name = Base; path = Base.lproj/LaunchScreen.storyboard; sourceTree = "<group>"; };
		BF5C97121F90031400F83B26 /* Info.plist */ = {isa = PBXFileReference; lastKnownFileType = text.plist.xml; path = Info.plist; sourceTree = "<group>"; };
		BF5C97171F90031500F83B26 /* Fasting ClockTests.xctest */ = {isa = PBXFileReference; explicitFileType = wrapper.cfbundle; includeInIndex = 0; path = "Fasting ClockTests.xctest"; sourceTree = BUILT_PRODUCTS_DIR; };
		BF5C971B1F90031500F83B26 /* Fasting_ClockTests.swift */ = {isa = PBXFileReference; lastKnownFileType = sourcecode.swift; path = Fasting_ClockTests.swift; sourceTree = "<group>"; };
		BF5C971D1F90031500F83B26 /* Info.plist */ = {isa = PBXFileReference; lastKnownFileType = text.plist.xml; path = Info.plist; sourceTree = "<group>"; };
		BF5C97221F90031500F83B26 /* Fasting ClockUITests.xctest */ = {isa = PBXFileReference; explicitFileType = wrapper.cfbundle; includeInIndex = 0; path = "Fasting ClockUITests.xctest"; sourceTree = BUILT_PRODUCTS_DIR; };
		BF5C97261F90031500F83B26 /* Fasting_ClockUITests.swift */ = {isa = PBXFileReference; lastKnownFileType = sourcecode.swift; path = Fasting_ClockUITests.swift; sourceTree = "<group>"; };
		BF5C97281F90031500F83B26 /* Info.plist */ = {isa = PBXFileReference; lastKnownFileType = text.plist.xml; path = Info.plist; sourceTree = "<group>"; };
/* End PBXFileReference section */

/* Begin PBXFrameworksBuildPhase section */
		BF5C97001F90031400F83B26 /* Frameworks */ = {
			isa = PBXFrameworksBuildPhase;
			buildActionMask = 2147483647;
			files = (
			);
			runOnlyForDeploymentPostprocessing = 0;
		};
		BF5C97141F90031500F83B26 /* Frameworks */ = {
			isa = PBXFrameworksBuildPhase;
			buildActionMask = 2147483647;
			files = (
			);
			runOnlyForDeploymentPostprocessing = 0;
		};
		BF5C971F1F90031500F83B26 /* Frameworks */ = {
			isa = PBXFrameworksBuildPhase;
			buildActionMask = 2147483647;
			files = (
			);
			runOnlyForDeploymentPostprocessing = 0;
		};
/* End PBXFrameworksBuildPhase section */

/* Begin PBXGroup section */
		BF5C96FA1F90031400F83B26 = {
			isa = PBXGroup;
			children = (
				BF5C97051F90031400F83B26 /* Fasting Clock */,
				BF5C971A1F90031500F83B26 /* Fasting ClockTests */,
				BF5C97251F90031500F83B26 /* Fasting ClockUITests */,
				BF5C97041F90031400F83B26 /* Products */,
			);
			sourceTree = "<group>";
		};
		BF5C97041F90031400F83B26 /* Products */ = {
			isa = PBXGroup;
			children = (
				BF5C97031F90031400F83B26 /* Fasting Clock.app */,
				BF5C97171F90031500F83B26 /* Fasting ClockTests.xctest */,
				BF5C97221F90031500F83B26 /* Fasting ClockUITests.xctest */,
			);
			name = Products;
			sourceTree = "<group>";
		};
		BF5C97051F90031400F83B26 /* Fasting Clock */ = {
			isa = PBXGroup;
			children = (
				BF5C97061F90031400F83B26 /* AppDelegate.swift */,
				BF5C97081F90031400F83B26 /* ViewController.swift */,
				BF5C970A1F90031400F83B26 /* Main.storyboard */,
				BF5C970D1F90031400F83B26 /* Assets.xcassets */,
				BF5C970F1F90031400F83B26 /* LaunchScreen.storyboard */,
				BF5C97121F90031400F83B26 /* Info.plist */,
			);
			path = "Fasting Clock";
			sourceTree = "<group>";
		};
		BF5C971A1F90031500F83B26 /* Fasting ClockTests */ = {
			isa = PBXGroup;
			children = (
				BF5C971B1F90031500F83B26 /* Fasting_ClockTests.swift */,
				BF5C971D1F90031500F83B26 /* Info.plist */,
			);
			path = "Fasting ClockTests";
			sourceTree = "<group>";
		};
		BF5C97251F90031500F83B26 /* Fasting ClockUITests */ = {
			isa = PBXGroup;
			children = (
				BF5C97261F90031500F83B26 /* Fasting_ClockUITests.swift */,
				BF5C97281F90031500F83B26 /* Info.plist */,
			);
			path = "Fasting ClockUITests";
			sourceTree = "<group>";
		};
/* End PBXGroup section */

/* Begin PBXNativeTarget section */
		BF5C97021F90031400F83B26 /* Fasting Clock */ = {
			isa = PBXNativeTarget;
			buildConfigurationList = BF5C972B1F90031500F83B26 /* Build configuration list for PBXNativeTarget "Fasting Clock" */;
			buildPhases = (
				BF5C96FF1F90031400F83B26 /* Sources */,
				BF5C97001F90031400F83B26 /* Frameworks */,
				BF5C97011F90031400F83B26 /* Resources */,
			);
			buildRules = (
			);
			dependencies = (
			);
			name = "Fasting Clock";
			productName = "Fasting Clock";
			productReference = BF5C97031F90031400F83B26 /* Fasting Clock.app */;
			productType = "com.apple.product-type.application";
		};
		BF5C97161F90031500F83B26 /* Fasting ClockTests */ = {
			isa = PBXNativeTarget;
			buildConfigurationList = BF5C972E1F90031500F83B26 /* Build configuration list for PBXNativeTarget "Fasting ClockTests" */;
			buildPhases = (
				BF5C97131F90031500F83B26 /* Sources */,
				BF5C97141F90031500F83B26 /* Frameworks */,
				BF5C97151F90031500F83B26 /* Resources */,
			);
			buildRules = (
			);
			dependencies = (
				BF5C97191F90031500F83B26 /* PBXTargetDependency */,
			);
			name = "Fasting ClockTests";
			productName = "Fasting ClockTests";
			productReference = BF5C97171F90031500F83B26 /* Fasting ClockTests.xctest */;
			productType = "com.apple.product-type.bundle.unit-test";
		};
		BF5C97211F90031500F83B26 /* Fasting ClockUITests */ = {
			isa = PBXNativeTarget;
			buildConfigurationList = BF5C97311F90031500F83B26 /* Build configuration list for PBXNativeTarget "Fasting ClockUITests" */;
			buildPhases = (
				BF5C971E1F90031500F83B26 /* Sources */,
				BF5C971F1F90031500F83B26 /* Frameworks */,
				BF5C97201F90031500F83B26 /* Resources */,
			);
			buildRules = (
			);
			dependencies = (
				BF5C97241F90031500F83B26 /* PBXTargetDependency */,
			);
			name = "Fasting ClockUITests";
			productName = "Fasting ClockUITests";
			productReference = BF5C97221F90031500F83B26 /* Fasting ClockUITests.xctest */;
			productType = "com.apple.product-type.bundle.ui-testing";
		};
/* End PBXNativeTarget section */

/* Begin PBXProject section */
		BF5C96FB1F90031400F83B26 /* Project object */ = {
			isa = PBXProject;
			attributes = {
				LastSwiftUpdateCheck = 0900;
				LastUpgradeCheck = 0900;
				ORGANIZATIONNAME = "Drake Sandacz";
				TargetAttributes = {
					BF5C97021F90031400F83B26 = {
						CreatedOnToolsVersion = 9.0;
						ProvisioningStyle = Automatic;
					};
					BF5C97161F90031500F83B26 = {
						CreatedOnToolsVersion = 9.0;
						ProvisioningStyle = Automatic;
						TestTargetID = BF5C97021F90031400F83B26;
					};
					BF5C97211F90031500F83B26 = {
						CreatedOnToolsVersion = 9.0;
						ProvisioningStyle = Automatic;
						TestTargetID = BF5C97021F90031400F83B26;
					};
				};
			};
			buildConfigurationList = BF5C96FE1F90031400F83B26 /* Build configuration list for PBXProject "Fasting Clock" */;
			compatibilityVersion = "Xcode 8.0";
			developmentRegion = en;
			hasScannedForEncodings = 0;
			knownRegions = (
				en,
				Base,
			);
			mainGroup = BF5C96FA1F90031400F83B26;
			productRefGroup = BF5C97041F90031400F83B26 /* Products */;
			projectDirPath = "";
			projectRoot = "";
			targets = (
				BF5C97021F90031400F83B26 /* Fasting Clock */,
				BF5C97161F90031500F83B26 /* Fasting ClockTests */,
				BF5C97211F90031500F83B26 /* Fasting ClockUITests */,
			);
		};
/* End PBXProject section */

/* Begin PBXResourcesBuildPhase section */
		BF5C97011F90031400F83B26 /* Resources */ = {
			isa = PBXResourcesBuildPhase;
			buildActionMask = 2147483647;
			files = (
				BF5C97111F90031400F83B26 /* LaunchScreen.storyboard in Resources */,
				BF5C970E1F90031400F83B26 /* Assets.xcassets in Resources */,
				BF5C970C1F90031400F83B26 /* Main.storyboard in Resources */,
			);
			runOnlyForDeploymentPostprocessing = 0;
		};
		BF5C97151F90031500F83B26 /* Resources */ = {
			isa = PBXResourcesBuildPhase;
			buildActionMask = 2147483647;
			files = (
			);
			runOnlyForDeploymentPostprocessing = 0;
		};
		BF5C97201F90031500F83B26 /* Resources */ = {
			isa = PBXResourcesBuildPhase;
			buildActionMask = 2147483647;
			files = (
			);
			runOnlyForDeploymentPostprocessing = 0;
		};
/* End PBXResourcesBuildPhase section */

/* Begin PBXSourcesBuildPhase section */
		BF5C96FF1F90031400F83B26 /* Sources */ = {
			isa = PBXSourcesBuildPhase;
			buildActionMask = 2147483647;
			files = (
				BF5C97091F90031400F83B26 /* ViewController.swift in Sources */,
				BF5C97071F90031400F83B26 /* AppDelegate.swift in Sources */,
			);
			runOnlyForDeploymentPostprocessing = 0;
		};
		BF5C97131F90031500F83B26 /* Sources */ = {
			isa = PBXSourcesBuildPhase;
			buildActionMask = 2147483647;
			files = (
				BF5C971C1F90031500F83B26 /* Fasting_ClockTests.swift in Sources */,
			);
			runOnlyForDeploymentPostprocessing = 0;
		};
		BF5C971E1F90031500F83B26 /* Sources */ = {
			isa = PBXSourcesBuildPhase;
			buildActionMask = 2147483647;
			files = (
				BF5C97271F90031500F83B26 /* Fasting_ClockUITests.swift in Sources */,
			);
			runOnlyForDeploymentPostprocessing = 0;
		};
/* End PBXSourcesBuildPhase section */

/* Begin PBXTargetDependency section */
		BF5C97191F90031500F83B26 /* PBXTargetDependency */ = {
			isa = PBXTargetDependency;
			target = BF5C97021F90031400F83B26 /* Fasting Clock */;
			targetProxy = BF5C97181F90031500F83B26 /* PBXContainerItemProxy */;
		};
		BF5C97241F90031500F83B26 /* PBXTargetDependency */ = {
			isa = PBXTargetDependency;
			target = BF5C97021F90031400F83B26 /* Fasting Clock */;
			targetProxy = BF5C97231F90031500F83B26 /* PBXContainerItemProxy */;
		};
/* End PBXTargetDependency section */

/* Begin PBXVariantGroup section */
		BF5C970A1F90031400F83B26 /* Main.storyboard */ = {
			isa = PBXVariantGroup;
			children = (
				BF5C970B1F90031400F83B26 /* Base */,
			);
			name = Main.storyboard;
			sourceTree = "<group>";
		};
		BF5C970F1F90031400F83B26 /* LaunchScreen.storyboard */ = {
			isa = PBXVariantGroup;
			children = (
				BF5C97101F90031400F83B26 /* Base */,
			);
			name = LaunchScreen.storyboard;
			sourceTree = "<group>";
		};
/* End PBXVariantGroup section */

/* Begin XCBuildConfiguration section */
		BF5C97291F90031500F83B26 /* Debug */ = {
			isa = XCBuildConfiguration;
			buildSettings = {
				ALWAYS_SEARCH_USER_PATHS = NO;
				CLANG_ANALYZER_NONNULL = YES;
				CLANG_ANALYZER_NUMBER_OBJECT_CONVERSION = YES_AGGRESSIVE;
				CLANG_CXX_LANGUAGE_STANDARD = "gnu++14";
				CLANG_CXX_LIBRARY = "libc++";
				CLANG_ENABLE_MODULES = YES;
				CLANG_ENABLE_OBJC_ARC = YES;
				CLANG_WARN_BLOCK_CAPTURE_AUTORELEASING = YES;
				CLANG_WARN_BOOL_CONVERSION = YES;
				CLANG_WARN_COMMA = YES;
				CLANG_WARN_CONSTANT_CONVERSION = YES;
				CLANG_WARN_DIRECT_OBJC_ISA_USAGE = YES_ERROR;
				CLANG_WARN_DOCUMENTATION_COMMENTS = YES;
				CLANG_WARN_EMPTY_BODY = YES;
				CLANG_WARN_ENUM_CONVERSION = YES;
				CLANG_WARN_INFINITE_RECURSION = YES;
				CLANG_WARN_INT_CONVERSION = YES;
				CLANG_WARN_NON_LITERAL_NULL_CONVERSION = YES;
				CLANG_WARN_OBJC_LITERAL_CONVERSION = YES;
				CLANG_WARN_OBJC_ROOT_CLASS = YES_ERROR;
				CLANG_WARN_RANGE_LOOP_ANALYSIS = YES;
				CLANG_WARN_STRICT_PROTOTYPES = YES;
				CLANG_WARN_SUSPICIOUS_MOVE = YES;
				CLANG_WARN_UNGUARDED_AVAILABILITY = YES_AGGRESSIVE;
				CLANG_WARN_UNREACHABLE_CODE = YES;
				CLANG_WARN__DUPLICATE_METHOD_MATCH = YES;
				CODE_SIGN_IDENTITY = "iPhone Developer";
				COPY_PHASE_STRIP = NO;
				DEBUG_INFORMATION_FORMAT = dwarf;
				ENABLE_STRICT_OBJC_MSGSEND = YES;
				ENABLE_TESTABILITY = YES;
				GCC_C_LANGUAGE_STANDARD = gnu11;
				GCC_DYNAMIC_NO_PIC = NO;
				GCC_NO_COMMON_BLOCKS = YES;
				GCC_OPTIMIZATION_LEVEL = 0;
				GCC_PREPROCESSOR_DEFINITIONS = (
					"DEBUG=1",
					"$(inherited)",
				);
				GCC_WARN_64_TO_32_BIT_CONVERSION = YES;
				GCC_WARN_ABOUT_RETURN_TYPE = YES_ERROR;
				GCC_WARN_UNDECLARED_SELECTOR = YES;
				GCC_WARN_UNINITIALIZED_AUTOS = YES_AGGRESSIVE;
				GCC_WARN_UNUSED_FUNCTION = YES;
				GCC_WARN_UNUSED_VARIABLE = YES;
				IPHONEOS_DEPLOYMENT_TARGET = 11.0;
				MTL_ENABLE_DEBUG_INFO = YES;
				ONLY_ACTIVE_ARCH = YES;
				SDKROOT = iphoneos;
				SWIFT_ACTIVE_COMPILATION_CONDITIONS = DEBUG;
				SWIFT_OPTIMIZATION_LEVEL = "-Onone";
			};
			name = Debug;
		};
		BF5C972A1F90031500F83B26 /* Release */ = {
			isa = XCBuildConfiguration;
			buildSettings = {
				ALWAYS_SEARCH_USER_PATHS = NO;
				CLANG_ANALYZER_NONNULL = YES;
				CLANG_ANALYZER_NUMBER_OBJECT_CONVERSION = YES_AGGRESSIVE;
				CLANG_CXX_LANGUAGE_STANDARD = "gnu++14";
				CLANG_CXX_LIBRARY = "libc++";
				CLANG_ENABLE_MODULES = YES;
				CLANG_ENABLE_OBJC_ARC = YES;
				CLANG_WARN_BLOCK_CAPTURE_AUTORELEASING = YES;
				CLANG_WARN_BOOL_CONVERSION = YES;
				CLANG_WARN_COMMA = YES;
				CLANG_WARN_CONSTANT_CONVERSION = YES;
				CLANG_WARN_DIRECT_OBJC_ISA_USAGE = YES_ERROR;
				CLANG_WARN_DOCUMENTATION_COMMENTS = YES;
				CLANG_WARN_EMPTY_BODY = YES;
				CLANG_WARN_ENUM_CONVERSION = YES;
				CLANG_WARN_INFINITE_RECURSION = YES;
				CLANG_WARN_INT_CONVERSION = YES;
				CLANG_WARN_NON_LITERAL_NULL_CONVERSION = YES;
				CLANG_WARN_OBJC_LITERAL_CONVERSION = YES;
				CLANG_WARN_OBJC_ROOT_CLASS = YES_ERROR;
				CLANG_WARN_RANGE_LOOP_ANALYSIS = YES;
				CLANG_WARN_STRICT_PROTOTYPES = YES;
				CLANG_WARN_SUSPICIOUS_MOVE = YES;
				CLANG_WARN_UNGUARDED_AVAILABILITY = YES_AGGRESSIVE;
				CLANG_WARN_UNREACHABLE_CODE = YES;
				CLANG_WARN__DUPLICATE_METHOD_MATCH = YES;
				CODE_SIGN_IDENTITY = "iPhone Developer";
				COPY_PHASE_STRIP = NO;
				DEBUG_INFORMATION_FORMAT = "dwarf-with-dsym";
				ENABLE_NS_ASSERTIONS = NO;
				ENABLE_STRICT_OBJC_MSGSEND = YES;
				GCC_C_LANGUAGE_STANDARD = gnu11;
				GCC_NO_COMMON_BLOCKS = YES;
				GCC_WARN_64_TO_32_BIT_CONVERSION = YES;
				GCC_WARN_ABOUT_RETURN_TYPE = YES_ERROR;
				GCC_WARN_UNDECLARED_SELECTOR = YES;
				GCC_WARN_UNINITIALIZED_AUTOS = YES_AGGRESSIVE;
				GCC_WARN_UNUSED_FUNCTION = YES;
				GCC_WARN_UNUSED_VARIABLE = YES;
				IPHONEOS_DEPLOYMENT_TARGET = 11.0;
				MTL_ENABLE_DEBUG_INFO = NO;
				SDKROOT = iphoneos;
				SWIFT_OPTIMIZATION_LEVEL = "-Owholemodule";
				VALIDATE_PRODUCT = YES;
			};
			name = Release;
		};
		BF5C972C1F90031500F83B26 /* Debug */ = {
			isa = XCBuildConfiguration;
			buildSettings = {
				ASSETCATALOG_COMPILER_APPICON_NAME = AppIcon;
				CODE_SIGN_STYLE = Automatic;
				INFOPLIST_FILE = "Fasting Clock/Info.plist";
				LD_RUNPATH_SEARCH_PATHS = "$(inherited) @executable_path/Frameworks";
				PRODUCT_BUNDLE_IDENTIFIER = "Bonfire.Fasting-Clock";
				PRODUCT_NAME = "$(TARGET_NAME)";
				SWIFT_VERSION = 4.0;
				TARGETED_DEVICE_FAMILY = "1,2";
			};
			name = Debug;
		};
		BF5C972D1F90031500F83B26 /* Release */ = {
			isa = XCBuildConfiguration;
			buildSettings = {
				ASSETCATALOG_COMPILER_APPICON_NAME = AppIcon;
				CODE_SIGN_STYLE = Automatic;
				INFOPLIST_FILE = "Fasting Clock/Info.plist";
				LD_RUNPATH_SEARCH_PATHS = "$(inherited) @executable_path/Frameworks";
				PRODUCT_BUNDLE_IDENTIFIER = "Bonfire.Fasting-Clock";
				PRODUCT_NAME = "$(TARGET_NAME)";
				SWIFT_VERSION = 4.0;
				TARGETED_DEVICE_FAMILY = "1,2";
			};
			name = Release;
		};
		BF5C972F1F90031500F83B26 /* Debug */ = {
			isa = XCBuildConfiguration;
			buildSettings = {
				ALWAYS_EMBED_SWIFT_STANDARD_LIBRARIES = YES;
				BUNDLE_LOADER = "$(TEST_HOST)";
				CODE_SIGN_STYLE = Automatic;
				INFOPLIST_FILE = "Fasting ClockTests/Info.plist";
				LD_RUNPATH_SEARCH_PATHS = "$(inherited) @executable_path/Frameworks @loader_path/Frameworks";
				PRODUCT_BUNDLE_IDENTIFIER = "Bonfire.Fasting-ClockTests";
				PRODUCT_NAME = "$(TARGET_NAME)";
				SWIFT_VERSION = 4.0;
				TARGETED_DEVICE_FAMILY = "1,2";
				TEST_HOST = "$(BUILT_PRODUCTS_DIR)/Fasting Clock.app/Fasting Clock";
			};
			name = Debug;
		};
		BF5C97301F90031500F83B26 /* Release */ = {
			isa = XCBuildConfiguration;
			buildSettings = {
				ALWAYS_EMBED_SWIFT_STANDARD_LIBRARIES = YES;
				BUNDLE_LOADER = "$(TEST_HOST)";
				CODE_SIGN_STYLE = Automatic;
				INFOPLIST_FILE = "Fasting ClockTests/Info.plist";
				LD_RUNPATH_SEARCH_PATHS = "$(inherited) @executable_path/Frameworks @loader_path/Frameworks";
				PRODUCT_BUNDLE_IDENTIFIER = "Bonfire.Fasting-ClockTests";
				PRODUCT_NAME = "$(TARGET_NAME)";
				SWIFT_VERSION = 4.0;
				TARGETED_DEVICE_FAMILY = "1,2";
				TEST_HOST = "$(BUILT_PRODUCTS_DIR)/Fasting Clock.app/Fasting Clock";
			};
			name = Release;
		};
		BF5C97321F90031500F83B26 /* Debug */ = {
			isa = XCBuildConfiguration;
			buildSettings = {
				ALWAYS_EMBED_SWIFT_STANDARD_LIBRARIES = YES;
				CODE_SIGN_STYLE = Automatic;
				INFOPLIST_FILE = "Fasting ClockUITests/Info.plist";
				LD_RUNPATH_SEARCH_PATHS = "$(inherited) @executable_path/Frameworks @loader_path/Frameworks";
				PRODUCT_BUNDLE_IDENTIFIER = "Bonfire.Fasting-ClockUITests";
				PRODUCT_NAME = "$(TARGET_NAME)";
				SWIFT_VERSION = 4.0;
				TARGETED_DEVICE_FAMILY = "1,2";
				TEST_TARGET_NAME = "Fasting Clock";
			};
			name = Debug;
		};
		BF5C97331F90031500F83B26 /* Release */ = {
			isa = XCBuildConfiguration;
			buildSettings = {
				ALWAYS_EMBED_SWIFT_STANDARD_LIBRARIES = YES;
				CODE_SIGN_STYLE = Automatic;
				INFOPLIST_FILE = "Fasting ClockUITests/Info.plist";
				LD_RUNPATH_SEARCH_PATHS = "$(inherited) @executable_path/Frameworks @loader_path/Frameworks";
				PRODUCT_BUNDLE_IDENTIFIER = "Bonfire.Fasting-ClockUITests";
				PRODUCT_NAME = "$(TARGET_NAME)";
				SWIFT_VERSION = 4.0;
				TARGETED_DEVICE_FAMILY = "1,2";
				TEST_TARGET_NAME = "Fasting Clock";
			};
			name = Release;
		};
/* End XCBuildConfiguration section */

/* Begin XCConfigurationList section */
		BF5C96FE1F90031400F83B26 /* Build configuration list for PBXProject "Fasting Clock" */ = {
			isa = XCConfigurationList;
			buildConfigurations = (
				BF5C97291F90031500F83B26 /* Debug */,
				BF5C972A1F90031500F83B26 /* Release */,
			);
			defaultConfigurationIsVisible = 0;
			defaultConfigurationName = Release;
		};
		BF5C972B1F90031500F83B26 /* Build configuration list for PBXNativeTarget "Fasting Clock" */ = {
			isa = XCConfigurationList;
			buildConfigurations = (
				BF5C972C1F90031500F83B26 /* Debug */,
				BF5C972D1F90031500F83B26 /* Release */,
			);
			defaultConfigurationIsVisible = 0;
			defaultConfigurationName = Release;
		};
		BF5C972E1F90031500F83B26 /* Build configuration list for PBXNativeTarget "Fasting ClockTests" */ = {
			isa = XCConfigurationList;
			buildConfigurations = (
				BF5C972F1F90031500F83B26 /* Debug */,
				BF5C97301F90031500F83B26 /* Release */,
			);
			defaultConfigurationIsVisible = 0;
			defaultConfigurationName = Release;
		};
		BF5C97311F90031500F83B26 /* Build configuration list for PBXNativeTarget "Fasting ClockUITests" */ = {
			isa = XCConfigurationList;
			buildConfigurations = (
				BF5C97321F90031500F83B26 /* Debug */,
				BF5C97331F90031500F83B26 /* Release */,
			);
			defaultConfigurationIsVisible = 0;
			defaultConfigurationName = Release;
		};
/* End XCConfigurationList section */
	};
	rootObject = BF5C96FB1F90031400F83B26 /* Project object */;
}
